<?xml version="1.0" encoding="UTF-8"?>
<!-- The shared scheme for DiceClip: what `xcodebuild -scheme DiceClip` and Xcode's Run button build. -->
<Scheme
   LastUpgradeVersion = "2700"
   version = "1.7">
   <BuildAction
      parallelizeBuildables = "YES"
      buildImplicitDependencies = "YES">
      <BuildActionEntries>
         <BuildActionEntry
            buildForTesting = "YES"
            buildForRunning = "YES"
            buildForProfiling = "YES"
            buildForArchiving = "YES"
            buildForAnalyzing = "YES">
            <BuildableReference
               BuildableIdentifier = "primary"
               BlueprintIdentifier = "AB0000000000000000000002"
               BuildableName = "DiceClip.app"
               BlueprintName = "DiceClip"
               ReferencedContainer = "container:DiceClip.xcodeproj">
            </BuildableReference>
         </BuildActionEntry>
      </BuildActionEntries>
   </BuildAction>
   <TestAction
      buildConfiguration = "Debug"
      selectedDebuggerIdentifier = "Xcode.DebuggerFoundation.Debugger.LLDB"
      selectedLauncherIdentifier = "Xcode.DebuggerFoundation.Launcher.LLDB"
      shouldUseLaunchSchemeArgsEnv = "YES">
      <Testables>
      </Testables>
   </TestAction>
   <LaunchAction
      buildConfiguration = "Debug"
      selectedDebuggerIdentifier = "Xcode.DebuggerFoundation.Debugger.LLDB"
      selectedLauncherIdentifier = "Xcode.DebuggerFoundation.Launcher.LLDB"
      launchStyle = "0"
      useCustomWorkingDirectory = "NO"
      ignoresPersistentStateOnLaunch = "NO"
      debugDocumentVersioning = "YES"
      debugServiceExtension = "internal"
      allowLocationSimulation = "YES">
      <BuildableProductRunnable
         runnableDebuggingMode = "0">
         <BuildableReference
            BuildableIdentifier = "primary"
            BlueprintIdentifier = "AB0000000000000000000002"
            BuildableName = "DiceClip.app"
            BlueprintName = "DiceClip"
            ReferencedContainer = "container:DiceClip.xcodeproj">
         </BuildableReference>
      </BuildableProductRunnable>
      <EnvironmentVariables>
         <!-- Xcode launches the clip as if invoked from this URL (Apple: "Testing the launch
              experience of your App Clip"); change the roll to see it land in the Island. -->
         <EnvironmentVariable
            key = "_XCAppClipURL"
            value = "https://games.sweedler.com/clip/dice?roll=3,5"
            isEnabled = "YES">
         </EnvironmentVariable>
         <!-- The buddy: the same clip launched as the second experience; flip isEnabled on this one
              and off on the dice to see the buddy screen (the Worker must know the session). -->
         <EnvironmentVariable
            key = "_XCAppClipURL"
            value = "https://games.sweedler.com/clip/rps?session=ABCDEFGH"
            isEnabled = "NO">
         </EnvironmentVariable>
         <!-- Where the pairing POST goes when not production (Config.apiBase). -->
         <EnvironmentVariable
            key = "RPS_API_BASE"
            value = "http://localhost:8787"
            isEnabled = "NO">
         </EnvironmentVariable>
      </EnvironmentVariables>
   </LaunchAction>
   <ProfileAction
      buildConfiguration = "Release"
      shouldUseLaunchSchemeArgsEnv = "YES"
      savedToolIdentifier = ""
      useCustomWorkingDirectory = "NO"
      debugDocumentVersioning = "YES">
      <BuildableProductRunnable
         runnableDebuggingMode = "0">
         <BuildableReference
            BuildableIdentifier = "primary"
            BlueprintIdentifier = "AB0000000000000000000002"
            BuildableName = "DiceClip.app"
            BlueprintName = "DiceClip"
            ReferencedContainer = "container:DiceClip.xcodeproj">
         </BuildableReference>
      </BuildableProductRunnable>
   </ProfileAction>
   <AnalyzeAction
      buildConfiguration = "Debug">
   </AnalyzeAction>
   <ArchiveAction
      buildConfiguration = "Release"
      revealArchiveInOrganizer = "YES">
   </ArchiveAction>
</Scheme>
